// !$*UTF8*$!
{
	archiveVersion = 1;
	classes = {
	};
	objectVersion = 46;
	objects = {

/* Begin PBXBuildFile section */
		D556D82D1439CA5A00A72109 /* Foundation.framework in Frameworks */ = {isa = PBXBuildFile; fileRef = D556D82C1439CA5A00A72109 /* Foundation.framework */; };
		D59E9A94143A095B0091E72A /* main.mm in Sources */ = {isa = PBXBuildFile; fileRef = D59E9A93143A095B0091E72A /* main.mm */; };
/* End PBXBuildFile section */

/* Begin PBXCopyFilesBuildPhase section */
		D556D8261439CA5A00A72109 /* CopyFiles */ = {
			isa = PBXCopyFilesBuildPhase;
			buildActionMask = 2147483647;
			dstPath = /usr/share/man/man1/;
			dstSubfolderSpec = 0;
			files = (
			);
			runOnlyForDeploymentPostprocessing = 1;
		};
/* End PBXCopyFilesBuildPhase section */

/* Begin PBXFileReference section */
		D556D8281439CA5A00A72109 /* ObjCToCppTest */ = {isa = PBXFileReference; explicitFileType = "compiled.mach-o.executable"; includeInIndex = 0; path = ObjCToCppTest; sourceTree = BUILT_PRODUCTS_DIR; };
		D556D82C1439CA5A00A72109 /* Foundation.framework */ = {isa = PBXFileReference; lastKnownFileType = wrapper.framework; name = Foundation.framework; path = System/Library/Frameworks/Foundation.framework; sourceTree = SDKROOT; };
		D59E9A93143A095B0091E72A /* main.mm */ = {isa = PBXFileReference; fileEncoding = 4; lastKnownFileType = sourcecode.cpp.objcpp; name = main.mm; path = ObjCToCppTest/main.mm; sourceTree = SOURCE_ROOT; };
/* End PBXFileReference section */

/* Begin PBXFrameworksBuildPhase section */
		D556D8251439CA5A00A72109 /* Frameworks */ = {
			isa = PBXFrameworksBuildPhase;
			buildActionMask = 2147483647;
			files = (
				D556D82D1439CA5A00A72109 /* Foundation.framework in Frameworks */,
			);
			runOnlyForDeploymentPostprocessing = 0;
		};
/* End PBXFrameworksBuildPhase section */

/* Begin PBXGroup section */
		D556D81D1439CA5A00A72109 = {
			isa = PBXGroup;
			children = (
				D556D82E1439CA5A00A72109 /* ObjCToCppTest */,
				D556D82B1439CA5A00A72109 /* Frameworks */,
				D556D8291439CA5A00A72109 /* Products */,
			);
			sourceTree = "<group>";
		};
		D556D8291439CA5A00A72109 /* Products */ = {
			isa = PBXGroup;
			children = (
				D556D8281439CA5A00A72109 /* ObjCToCppTest */,
			);
			name = Products;
			sourceTree = "<group>";
		};
		D556D82B1439CA5A00A72109 /* Frameworks */ = {
			isa = PBXGroup;
			children = (
				D556D82C1439CA5A00A72109 /* Foundation.framework */,
			);
			name = Frameworks;
			sourceTree = "<group>";
		};
		D556D82E1439CA5A00A72109 /* ObjCToCppTest */ = {
			isa = PBXGroup;
			children = (
				D59E9A93143A095B0091E72A /* main.mm */,
			);
			name = ObjCToCppTest;
			path = ObjCToCppTemplate;
			sourceTree = "<group>";
		};
/* End PBXGroup section */

/* Begin PBXNativeTarget section */
		D556D8271439CA5A00A72109 /* ObjCToCppTest */ = {
			isa = PBXNativeTarget;
			buildConfigurationList = D556D8371439CA5A00A72109 /* Build configuration list for PBXNativeTarget "ObjCToCppTest" */;
			buildPhases = (
				D556D8241439CA5A00A72109 /* Sources */,
				D556D8251439CA5A00A72109 /* Frameworks */,
				D556D8261439CA5A00A72109 /* CopyFiles */,
			);
			buildRules = (
			);
			dependencies = (
			);
			name = ObjCToCppTest;
			productName = ObjCToCppTemplate;
			productReference = D556D8281439CA5A00A72109 /* ObjCToCppTest */;
			productType = "com.apple.product-type.tool";
		};
/* End PBXNativeTarget section */

/* Begin PBXProject section */
		D556D81F1439CA5A00A72109 /* Project object */ = {
			isa = PBXProject;
			attributes = {
				LastUpgradeCheck = 0420;
			};
			buildConfigurationList = D556D8221439CA5A00A72109 /* Build configuration list for PBXProject "ObjCToCppTest" */;
			compatibilityVersion = "Xcode 3.2";
			developmentRegion = English;
			hasScannedForEncodings = 0;
			knownRegions = (
				en,
			);
			mainGroup = D556D81D1439CA5A00A72109;
			productRefGroup = D556D8291439CA5A00A72109 /* Products */;
			projectDirPath = "";
			projectRoot = "";
			targets = (
				D556D8271439CA5A00A72109 /* ObjCToCppTest */,
			);
		};
/* End PBXProject section */

/* Begin PBXSourcesBuildPhase section */
		D556D8241439CA5A00A72109 /* Sources */ = {
			isa = PBXSourcesBuildPhase;
			buildActionMask = 2147483647;
			files = (
				D59E9A94143A095B0091E72A /* main.mm in Sources */,
			);
			runOnlyForDeploymentPostprocessing = 0;
		};
/* End PBXSourcesBuildPhase section */

/* Begin XCBuildConfiguration section */
		D556D8351439CA5A00A72109 /* Debug */ = {
			isa = XCBuildConfiguration;
			buildSettings = {
				ALWAYS_SEARCH_USER_PATHS = NO;
				ARCHS = "$(ARCHS_STANDARD_64_BIT)";
				CLANG_ENABLE_OBJC_ARC = YES;
				COPY_PHASE_STRIP = NO;
				GCC_C_LANGUAGE_STANDARD = gnu99;
				GCC_DYNAMIC_NO_PIC = NO;
				GCC_ENABLE_OBJC_EXCEPTIONS = YES;
				GCC_OPTIMIZATION_LEVEL = 0;
				GCC_PREPROCESSOR_DEFINITIONS = (
					"DEBUG=1",
					"$(inherited)",
				);
				GCC_SYMBOLS_PRIVATE_EXTERN = NO;
				GCC_VERSION = com.apple.compilers.llvm.clang.1_0;
				GCC_WARN_64_TO_32_BIT_CONVERSION = YES;
				GCC_WARN_ABOUT_MISSING_PROTOTYPES = YES;
				GCC_WARN_ABOUT_RETURN_TYPE = YES;
				GCC_WARN_UNUSED_VARIABLE = YES;
				MACOSX_DEPLOYMENT_TARGET = 10.7;
				ONLY_ACTIVE_ARCH = YES;
				SDKROOT = macosx;
			};
			name = Debug;
		};
		D556D8361439CA5A00A72109 /* Release */ = {
			isa = XCBuildConfiguration;
			buildSettings = {
				ALWAYS_SEARCH_USER_PATHS = NO;
				ARCHS = "$(ARCHS_STANDARD_64_BIT)";
				CLANG_ENABLE_OBJC_ARC = YES;
				COPY_PHASE_STRIP = YES;
				DEBUG_INFORMATION_FORMAT = "dwarf-with-dsym";
				GCC_C_LANGUAGE_STANDARD = gnu99;
				GCC_ENABLE_OBJC_EXCEPTIONS = YES;
				GCC_VERSION = com.apple.compilers.llvm.clang.1_0;
				GCC_WARN_64_TO_32_BIT_CONVERSION = YES;
				GCC_WARN_ABOUT_MISSING_PROTOTYPES = YES;
				GCC_WARN_ABOUT_RETURN_TYPE = YES;
				GCC_WARN_UNUSED_VARIABLE = YES;
				MACOSX_DEPLOYMENT_TARGET = 10.7;
				SDKROOT = macosx;
			};
			name = Release;
		};
		D556D8381439CA5A00A72109 /* Debug */ = {
			isa = XCBuildConfiguration;
			buildSettings = {
				CLANG_ENABLE_OBJC_ARC = NO;
				GCC_PRECOMPILE_PREFIX_HEADER = YES;
				GCC_PREFIX_HEADER = "";
				HEADER_SEARCH_PATHS = "/Developer/SDKs/MacOSX10.7.sdk/usr/include/c++/4.2.1";
				PRODUCT_NAME = ObjCToCppTest;
			};
			name = Debug;
		};
		D556D8391439CA5A00A72109 /* Release */ = {
			isa = XCBuildConfiguration;
			buildSettings = {
				CLANG_ENABLE_OBJC_ARC = NO;
				GCC_PRECOMPILE_PREFIX_HEADER = YES;
				GCC_PREFIX_HEADER = "";
				HEADER_SEARCH_PATHS = "/Developer/SDKs/MacOSX10.7.sdk/usr/include/c++/4.2.1";
				PRODUCT_NAME = ObjCToCppTest;
			};
			name = Release;
		};
/* End XCBuildConfiguration section */

/* Begin XCConfigurationList section */
		D556D8221439CA5A00A72109 /* Build configuration list for PBXProject "ObjCToCppTest" */ = {
			isa = XCConfigurationList;
			buildConfigurations = (
				D556D8351439CA5A00A72109 /* Debug */,
				D556D8361439CA5A00A72109 /* Release */,
			);
			defaultConfigurationIsVisible = 0;
			defaultConfigurationName = Release;
		};
		D556D8371439CA5A00A72109 /* Build configuration list for PBXNativeTarget "ObjCToCppTest" */ = {
			isa = XCConfigurationList;
			buildConfigurations = (
				D556D8381439CA5A00A72109 /* Debug */,
				D556D8391439CA5A00A72109 /* Release */,
			);
			defaultConfigurationIsVisible = 0;
			defaultConfigurationName = Release;
		};
/* End XCConfigurationList section */
	};
	rootObject = D556D81F1439CA5A00A72109 /* Project object */;
}
